// !$*UTF8*$!
{
	archiveVersion = 1;
	classes = {
	};
	objectVersion = 46;
	objects = {

/* Begin PBXBuildFile section */
		535B31F61A62FB0200179B5B /* AppDelegate.swift in Sources */ = {isa = PBXBuildFile; fileRef = 535B31F51A62FB0200179B5B /* AppDelegate.swift */; };
		535B31FA1A62FB0200179B5B /* GameScene.swift in Sources */ = {isa = PBXBuildFile; fileRef = 535B31F91A62FB0200179B5B /* GameScene.swift */; };
		535B31FC1A62FB0200179B5B /* GameViewController.swift in Sources */ = {isa = PBXBuildFile; fileRef = 535B31FB1A62FB0200179B5B /* GameViewController.swift */; };
		535B31FF1A62FB0200179B5B /* Main.storyboard in Resources */ = {isa = PBXBuildFile; fileRef = 535B31FD1A62FB0200179B5B /* Main.storyboard */; };
		535B32011A62FB0200179B5B /* Images.xcassets in Resources */ = {isa = PBXBuildFile; fileRef = 535B32001A62FB0200179B5B /* Images.xcassets */; };
		535B32041A62FB0200179B5B /* LaunchScreen.xib in Resources */ = {isa = PBXBuildFile; fileRef = 535B32021A62FB0200179B5B /* LaunchScreen.xib */; };
		535B32101A62FB0200179B5B /* BrandikiTests.swift in Sources */ = {isa = PBXBuildFile; fileRef = 535B320F1A62FB0200179B5B /* BrandikiTests.swift */; };
		535B32291A6304AB00179B5B /* carrot left.png in Resources */ = {isa = PBXBuildFile; fileRef = 535B321F1A6304AB00179B5B /* carrot left.png */; };
		535B32331A63080D00179B5B /* broccoli.png in Resources */ = {isa = PBXBuildFile; fileRef = 535B32321A63080D00179B5B /* broccoli.png */; };
		535B32411A630C1C00179B5B /* carrot right.png in Resources */ = {isa = PBXBuildFile; fileRef = 535B32371A630C1C00179B5B /* carrot right.png */; };
		535B32421A630C1C00179B5B /* Dark wizard.png in Resources */ = {isa = PBXBuildFile; fileRef = 535B32381A630C1C00179B5B /* Dark wizard.png */; };
		535B32441A630C1C00179B5B /* fire breathing bird.png in Resources */ = {isa = PBXBuildFile; fileRef = 535B323A1A630C1C00179B5B /* fire breathing bird.png */; };
		535B32451A630C1C00179B5B /* good wizard.png in Resources */ = {isa = PBXBuildFile; fileRef = 535B323B1A630C1C00179B5B /* good wizard.png */; };
		535B32461A630C1C00179B5B /* ice ball.png in Resources */ = {isa = PBXBuildFile; fileRef = 535B323C1A630C1C00179B5B /* ice ball.png */; };
		535B32471A630C1C00179B5B /* sword.png in Resources */ = {isa = PBXBuildFile; fileRef = 535B323D1A630C1C00179B5B /* sword.png */; };
		535B324A1A630C9A00179B5B /* brandiki-1.png in Resources */ = {isa = PBXBuildFile; fileRef = 535B32481A630C9A00179B5B /* brandiki-1.png */; };
		535B324B1A630C9A00179B5B /* evil knight-1.png in Resources */ = {isa = PBXBuildFile; fileRef = 535B32491A630C9A00179B5B /* evil knight-1.png */; };
/* End PBXBuildFile section */

/* Begin PBXContainerItemProxy section */
		535B320A1A62FB0200179B5B /* PBXContainerItemProxy */ = {
			isa = PBXContainerItemProxy;
			containerPortal = 535B31E81A62FB0200179B5B /* Project object */;
			proxyType = 1;
			remoteGlobalIDString = 535B31EF1A62FB0200179B5B;
			remoteInfo = Brandiki;
		};
/* End PBXContainerItemProxy section */

/* Begin PBXFileReference section */
		535B31F01A62FB0200179B5B /* Brandiki.app */ = {isa = PBXFileReference; explicitFileType = wrapper.application; includeInIndex = 0; path = Brandiki.app; sourceTree = BUILT_PRODUCTS_DIR; };
		535B31F41A62FB0200179B5B /* Info.plist */ = {isa = PBXFileReference; lastKnownFileType = text.plist.xml; path = Info.plist; sourceTree = "<group>"; };
		535B31F51A62FB0200179B5B /* AppDelegate.swift */ = {isa = PBXFileReference; lastKnownFileType = sourcecode.swift; path = AppDelegate.swift; sourceTree = "<group>"; };
		535B31F91A62FB0200179B5B /* GameScene.swift */ = {isa = PBXFileReference; lastKnownFileType = sourcecode.swift; path = GameScene.swift; sourceTree = "<group>"; };
		535B31FB1A62FB0200179B5B /* GameViewController.swift */ = {isa = PBXFileReference; lastKnownFileType = sourcecode.swift; path = GameViewController.swift; sourceTree = "<group>"; };
		535B31FE1A62FB0200179B5B /* Base */ = {isa = PBXFileReference; lastKnownFileType = file.storyboard; name = Base; path = Base.lproj/Main.storyboard; sourceTree = "<group>"; };
		535B32001A62FB0200179B5B /* Images.xcassets */ = {isa = PBXFileReference; lastKnownFileType = folder.assetcatalog; path = Images.xcassets; sourceTree = "<group>"; };
		535B32031A62FB0200179B5B /* Base */ = {isa = PBXFileReference; lastKnownFileType = file.xib; name = Base; path = Base.lproj/LaunchScreen.xib; sourceTree = "<group>"; };
		535B32091A62FB0200179B5B /* BrandikiTests.xctest */ = {isa = PBXFileReference; explicitFileType = wrapper.cfbundle; includeInIndex = 0; path = BrandikiTests.xctest; sourceTree = BUILT_PRODUCTS_DIR; };
		535B320E1A62FB0200179B5B /* Info.plist */ = {isa = PBXFileReference; lastKnownFileType = text.plist.xml; path = Info.plist; sourceTree = "<group>"; };
		535B320F1A62FB0200179B5B /* BrandikiTests.swift */ = {isa = PBXFileReference; lastKnownFileType = sourcecode.swift; path = BrandikiTests.swift; sourceTree = "<group>"; };
		535B321F1A6304AB00179B5B /* carrot left.png */ = {isa = PBXFileReference; lastKnownFileType = image.png; path = "carrot left.png"; sourceTree = "<group>"; };
		535B32321A63080D00179B5B /* broccoli.png */ = {isa = PBXFileReference; lastKnownFileType = image.png; path = broccoli.png; sourceTree = "<group>"; };
		535B32371A630C1C00179B5B /* carrot right.png */ = {isa = PBXFileReference; lastKnownFileType = image.png; path = "carrot right.png"; sourceTree = "<group>"; };
		535B32381A630C1C00179B5B /* Dark wizard.png */ = {isa = PBXFileReference; lastKnownFileType = image.png; path = "Dark wizard.png"; sourceTree = "<group>"; };
		535B323A1A630C1C00179B5B /* fire breathing bird.png */ = {isa = PBXFileReference; lastKnownFileType = image.png; path = "fire breathing bird.png"; sourceTree = "<group>"; };
		535B323B1A630C1C00179B5B /* good wizard.png */ = {isa = PBXFileReference; lastKnownFileType = image.png; path = "good wizard.png"; sourceTree = "<group>"; };
		535B323C1A630C1C00179B5B /* ice ball.png */ = {isa = PBXFileReference; lastKnownFileType = image.png; path = "ice ball.png"; sourceTree = "<group>"; };
		535B323D1A630C1C00179B5B /* sword.png */ = {isa = PBXFileReference; lastKnownFileType = image.png; path = sword.png; sourceTree = "<group>"; };
		535B32481A630C9A00179B5B /* brandiki-1.png */ = {isa = PBXFileReference; lastKnownFileType = image.png; path = "brandiki-1.png"; sourceTree = "<group>"; };
		535B32491A630C9A00179B5B /* evil knight-1.png */ = {isa = PBXFileReference; lastKnownFileType = image.png; path = "evil knight-1.png"; sourceTree = "<group>"; };
/* End PBXFileReference section */

/* Begin PBXFrameworksBuildPhase section */
		535B31ED1A62FB0200179B5B /* Frameworks */ = {
			isa = PBXFrameworksBuildPhase;
			buildActionMask = 2147483647;
			files = (
			);
			runOnlyForDeploymentPostprocessing = 0;
		};
		535B32061A62FB0200179B5B /* Frameworks */ = {
			isa = PBXFrameworksBuildPhase;
			buildActionMask = 2147483647;
			files = (
			);
			runOnlyForDeploymentPostprocessing = 0;
		};
/* End PBXFrameworksBuildPhase section */

/* Begin PBXGroup section */
		535B31E71A62FB0200179B5B = {
			isa = PBXGroup;
			children = (
				535B321D1A6304AB00179B5B /* spr1tes */,
				535B31F21A62FB0200179B5B /* Brandiki */,
				535B320C1A62FB0200179B5B /* BrandikiTests */,
				535B31F11A62FB0200179B5B /* Products */,
			);
			sourceTree = "<group>";
		};
		535B31F11A62FB0200179B5B /* Products */ = {
			isa = PBXGroup;
			children = (
				535B31F01A62FB0200179B5B /* Brandiki.app */,
				535B32091A62FB0200179B5B /* BrandikiTests.xctest */,
			);
			name = Products;
			sourceTree = "<group>";
		};
		535B31F21A62FB0200179B5B /* Brandiki */ = {
			isa = PBXGroup;
			children = (
				535B31F51A62FB0200179B5B /* AppDelegate.swift */,
				535B31F91A62FB0200179B5B /* GameScene.swift */,
				535B31FB1A62FB0200179B5B /* GameViewController.swift */,
				535B31FD1A62FB0200179B5B /* Main.storyboard */,
				535B32001A62FB0200179B5B /* Images.xcassets */,
				535B32021A62FB0200179B5B /* LaunchScreen.xib */,
				535B31F31A62FB0200179B5B /* Supporting Files */,
			);
			path = Brandiki;
			sourceTree = "<group>";
		};
		535B31F31A62FB0200179B5B /* Supporting Files */ = {
			isa = PBXGroup;
			children = (
				535B31F41A62FB0200179B5B /* Info.plist */,
			);
			name = "Supporting Files";
			sourceTree = "<group>";
		};
		535B320C1A62FB0200179B5B /* BrandikiTests */ = {
			isa = PBXGroup;
			children = (
				535B320F1A62FB0200179B5B /* BrandikiTests.swift */,
				535B320D1A62FB0200179B5B /* Supporting Files */,
			);
			path = BrandikiTests;
			sourceTree = "<group>";
		};
		535B320D1A62FB0200179B5B /* Supporting Files */ = {
			isa = PBXGroup;
			children = (
				535B320E1A62FB0200179B5B /* Info.plist */,
			);
			name = "Supporting Files";
			sourceTree = "<group>";
		};
		535B321D1A6304AB00179B5B /* spr1tes */ = {
			isa = PBXGroup;
			children = (
				535B32481A630C9A00179B5B /* brandiki-1.png */,
				535B32491A630C9A00179B5B /* evil knight-1.png */,
				535B32321A63080D00179B5B /* broccoli.png */,
				535B321F1A6304AB00179B5B /* carrot left.png */,
				535B32371A630C1C00179B5B /* carrot right.png */,
				535B32381A630C1C00179B5B /* Dark wizard.png */,
				535B323A1A630C1C00179B5B /* fire breathing bird.png */,
				535B323B1A630C1C00179B5B /* good wizard.png */,
				535B323C1A630C1C00179B5B /* ice ball.png */,
				535B323D1A630C1C00179B5B /* sword.png */,
			);
			name = spr1tes;
			path = Brandiki/spr1tes;
			sourceTree = "<group>";
		};
/* End PBXGroup section */

/* Begin PBXNativeTarget section */
		535B31EF1A62FB0200179B5B /* Brandiki */ = {
			isa = PBXNativeTarget;
			buildConfigurationList = 535B32131A62FB0200179B5B /* Build configuration list for PBXNativeTarget "Brandiki" */;
			buildPhases = (
				535B31EC1A62FB0200179B5B /* Sources */,
				535B31ED1A62FB0200179B5B /* Frameworks */,
				535B31EE1A62FB0200179B5B /* Resources */,
			);
			buildRules = (
			);
			dependencies = (
			);
			name = Brandiki;
			productName = Brandiki;
			productReference = 535B31F01A62FB0200179B5B /* Brandiki.app */;
			productType = "com.apple.product-type.application";
		};
		535B32081A62FB0200179B5B /* BrandikiTests */ = {
			isa = PBXNativeTarget;
			buildConfigurationList = 535B32161A62FB0200179B5B /* Build configuration list for PBXNativeTarget "BrandikiTests" */;
			buildPhases = (
				535B32051A62FB0200179B5B /* Sources */,
				535B32061A62FB0200179B5B /* Frameworks */,
				535B32071A62FB0200179B5B /* Resources */,
			);
			buildRules = (
			);
			dependencies = (
				535B320B1A62FB0200179B5B /* PBXTargetDependency */,
			);
			name = BrandikiTests;
			productName = BrandikiTests;
			productReference = 535B32091A62FB0200179B5B /* BrandikiTests.xctest */;
			productType = "com.apple.product-type.bundle.unit-test";
		};
/* End PBXNativeTarget section */

/* Begin PBXProject section */
		535B31E81A62FB0200179B5B /* Project object */ = {
			isa = PBXProject;
			attributes = {
				LastUpgradeCheck = 0610;
				ORGANIZATIONNAME = akumaar;
				TargetAttributes = {
					535B31EF1A62FB0200179B5B = {
						CreatedOnToolsVersion = 6.1;
					};
					535B32081A62FB0200179B5B = {
						CreatedOnToolsVersion = 6.1;
						TestTargetID = 535B31EF1A62FB0200179B5B;
					};
				};
			};
			buildConfigurationList = 535B31EB1A62FB0200179B5B /* Build configuration list for PBXProject "Brandiki" */;
			compatibilityVersion = "Xcode 3.2";
			developmentRegion = English;
			hasScannedForEncodings = 0;
			knownRegions = (
				en,
				Base,
			);
			mainGroup = 535B31E71A62FB0200179B5B;
			productRefGroup = 535B31F11A62FB0200179B5B /* Products */;
			projectDirPath = "";
			projectRoot = "";
			targets = (
				535B31EF1A62FB0200179B5B /* Brandiki */,
				535B32081A62FB0200179B5B /* BrandikiTests */,
			);
		};
/* End PBXProject section */

/* Begin PBXResourcesBuildPhase section */
		535B31EE1A62FB0200179B5B /* Resources */ = {
			isa = PBXResourcesBuildPhase;
			buildActionMask = 2147483647;
			files = (
				535B32441A630C1C00179B5B /* fire breathing bird.png in Resources */,
				535B32041A62FB0200179B5B /* LaunchScreen.xib in Resources */,
				535B32331A63080D00179B5B /* broccoli.png in Resources */,
				535B324B1A630C9A00179B5B /* evil knight-1.png in Resources */,
				535B324A1A630C9A00179B5B /* brandiki-1.png in Resources */,
				535B32011A62FB0200179B5B /* Images.xcassets in Resources */,
				535B32291A6304AB00179B5B /* carrot left.png in Resources */,
				535B32451A630C1C00179B5B /* good wizard.png in Resources */,
				535B31FF1A62FB0200179B5B /* Main.storyboard in Resources */,
				535B32471A630C1C00179B5B /* sword.png in Resources */,
				535B32411A630C1C00179B5B /* carrot right.png in Resources */,
				535B32461A630C1C00179B5B /* ice ball.png in Resources */,
				535B32421A630C1C00179B5B /* Dark wizard.png in Resources */,
			);
			runOnlyForDeploymentPostprocessing = 0;
		};
		535B32071A62FB0200179B5B /* Resources */ = {
			isa = PBXResourcesBuildPhase;
			buildActionMask = 2147483647;
			files = (
			);
			runOnlyForDeploymentPostprocessing = 0;
		};
/* End PBXResourcesBuildPhase section */

/* Begin PBXSourcesBuildPhase section */
		535B31EC1A62FB0200179B5B /* Sources */ = {
			isa = PBXSourcesBuildPhase;
			buildActionMask = 2147483647;
			files = (
				535B31FA1A62FB0200179B5B /* GameScene.swift in Sources */,
				535B31FC1A62FB0200179B5B /* GameViewController.swift in Sources */,
				535B31F61A62FB0200179B5B /* AppDelegate.swift in Sources */,
			);
			runOnlyForDeploymentPostprocessing = 0;
		};
		535B32051A62FB0200179B5B /* Sources */ = {
			isa = PBXSourcesBuildPhase;
			buildActionMask = 2147483647;
			files = (
				535B32101A62FB0200179B5B /* BrandikiTests.swift in Sources */,
			);
			runOnlyForDeploymentPostprocessing = 0;
		};
/* End PBXSourcesBuildPhase section */

/* Begin PBXTargetDependency section */
		535B320B1A62FB0200179B5B /* PBXTargetDependency */ = {
			isa = PBXTargetDependency;
			target = 535B31EF1A62FB0200179B5B /* Brandiki */;
			targetProxy = 535B320A1A62FB0200179B5B /* PBXContainerItemProxy */;
		};
/* End PBXTargetDependency section */

/* Begin PBXVariantGroup section */
		535B31FD1A62FB0200179B5B /* Main.storyboard */ = {
			isa = PBXVariantGroup;
			children = (
				535B31FE1A62FB0200179B5B /* Base */,
			);
			name = Main.storyboard;
			sourceTree = "<group>";
		};
		535B32021A62FB0200179B5B /* LaunchScreen.xib */ = {
			isa = PBXVariantGroup;
			children = (
				535B32031A62FB0200179B5B /* Base */,
			);
			name = LaunchScreen.xib;
			sourceTree = "<group>";
		};
/* End PBXVariantGroup section */

/* Begin XCBuildConfiguration section */
		535B32111A62FB0200179B5B /* Debug */ = {
			isa = XCBuildConfiguration;
			buildSettings = {
				ALWAYS_SEARCH_USER_PATHS = NO;
				CLANG_CXX_LANGUAGE_STANDARD = "gnu++0x";
				CLANG_CXX_LIBRARY = "libc++";
				CLANG_ENABLE_MODULES = YES;
				CLANG_ENABLE_OBJC_ARC = YES;
				CLANG_WARN_BOOL_CONVERSION = YES;
				CLANG_WARN_CONSTANT_CONVERSION = YES;
				CLANG_WARN_DIRECT_OBJC_ISA_USAGE = YES_ERROR;
				CLANG_WARN_EMPTY_BODY = YES;
				CLANG_WARN_ENUM_CONVERSION = YES;
				CLANG_WARN_INT_CONVERSION = YES;
				CLANG_WARN_OBJC_ROOT_CLASS = YES_ERROR;
				CLANG_WARN_UNREACHABLE_CODE = YES;
				CLANG_WARN__DUPLICATE_METHOD_MATCH = YES;
				"CODE_SIGN_IDENTITY[sdk=iphoneos*]" = "iPhone Developer";
				COPY_PHASE_STRIP = NO;
				ENABLE_STRICT_OBJC_MSGSEND = YES;
				GCC_C_LANGUAGE_STANDARD = gnu99;
				GCC_DYNAMIC_NO_PIC = NO;
				GCC_OPTIMIZATION_LEVEL = 0;
				GCC_PREPROCESSOR_DEFINITIONS = (
					"DEBUG=1",
					"$(inherited)",
				);
				GCC_SYMBOLS_PRIVATE_EXTERN = NO;
				GCC_WARN_64_TO_32_BIT_CONVERSION = YES;
				GCC_WARN_ABOUT_RETURN_TYPE = YES_ERROR;
				GCC_WARN_UNDECLARED_SELECTOR = YES;
				GCC_WARN_UNINITIALIZED_AUTOS = YES_AGGRESSIVE;
				GCC_WARN_UNUSED_FUNCTION = YES;
				GCC_WARN_UNUSED_VARIABLE = YES;
				IPHONEOS_DEPLOYMENT_TARGET = 8.1;
				MTL_ENABLE_DEBUG_INFO = YES;
				ONLY_ACTIVE_ARCH = YES;
				SDKROOT = iphoneos;
				SWIFT_OPTIMIZATION_LEVEL = "-Onone";
				TARGETED_DEVICE_FAMILY = "1,2";
			};
			name = Debug;
		};
		535B32121A62FB0200179B5B /* Release */ = {
			isa = XCBuildConfiguration;
			buildSettings = {
				ALWAYS_SEARCH_USER_PATHS = NO;
				CLANG_CXX_LANGUAGE_STANDARD = "gnu++0x";
				CLANG_CXX_LIBRARY = "libc++";
				CLANG_ENABLE_MODULES = YES;
				CLANG_ENABLE_OBJC_ARC = YES;
				CLANG_WARN_BOOL_CONVERSION = YES;
				CLANG_WARN_CONSTANT_CONVERSION = YES;
				CLANG_WARN_DIRECT_OBJC_ISA_USAGE = YES_ERROR;
				CLANG_WARN_EMPTY_BODY = YES;
				CLANG_WARN_ENUM_CONVERSION = YES;
				CLANG_WARN_INT_CONVERSION = YES;
				CLANG_WARN_OBJC_ROOT_CLASS = YES_ERROR;
				CLANG_WARN_UNREACHABLE_CODE = YES;
				CLANG_WARN__DUPLICATE_METHOD_MATCH = YES;
				"CODE_SIGN_IDENTITY[sdk=iphoneos*]" = "iPhone Developer";
				COPY_PHASE_STRIP = YES;
				ENABLE_NS_ASSERTIONS = NO;
				ENABLE_STRICT_OBJC_MSGSEND = YES;
				GCC_C_LANGUAGE_STANDARD = gnu99;
				GCC_WARN_64_TO_32_BIT_CONVERSION = YES;
				GCC_WARN_ABOUT_RETURN_TYPE = YES_ERROR;
				GCC_WARN_UNDECLARED_SELECTOR = YES;
				GCC_WARN_UNINITIALIZED_AUTOS = YES_AGGRESSIVE;
				GCC_WARN_UNUSED_FUNCTION = YES;
				GCC_WARN_UNUSED_VARIABLE = YES;
				IPHONEOS_DEPLOYMENT_TARGET = 8.1;
				MTL_ENABLE_DEBUG_INFO = NO;
				SDKROOT = iphoneos;
				TARGETED_DEVICE_FAMILY = "1,2";
				VALIDATE_PRODUCT = YES;
			};
			name = Release;
		};
		535B32141A62FB0200179B5B /* Debug */ = {
			isa = XCBuildConfiguration;
			buildSettings = {
				ASSETCATALOG_COMPILER_APPICON_NAME = AppIcon;
				CODE_SIGN_IDENTITY = "iPhone Developer";
				INFOPLIST_FILE = Brandiki/Info.plist;
				LD_RUNPATH_SEARCH_PATHS = "$(inherited) @executable_path/Frameworks";
				PRODUCT_NAME = "$(TARGET_NAME)";
			};
			name = Debug;
		};
		535B32151A62FB0200179B5B /* Release */ = {
			isa = XCBuildConfiguration;
			buildSettings = {
				ASSETCATALOG_COMPILER_APPICON_NAME = AppIcon;
				CODE_SIGN_IDENTITY = "iPhone Developer";
				INFOPLIST_FILE = Brandiki/Info.plist;
				LD_RUNPATH_SEARCH_PATHS = "$(inherited) @executable_path/Frameworks";
				PRODUCT_NAME = "$(TARGET_NAME)";
			};
			name = Release;
		};
		535B32171A62FB0200179B5B /* Debug */ = {
			isa = XCBuildConfiguration;
			buildSettings = {
				BUNDLE_LOADER = "$(TEST_HOST)";
				FRAMEWORK_SEARCH_PATHS = (
					"$(SDKROOT)/Developer/Library/Frameworks",
					"$(inherited)",
				);
				GCC_PREPROCESSOR_DEFINITIONS = (
					"DEBUG=1",
					"$(inherited)",
				);
				INFOPLIST_FILE = BrandikiTests/Info.plist;
				LD_RUNPATH_SEARCH_PATHS = "$(inherited) @executable_path/Frameworks @loader_path/Frameworks";
				PRODUCT_NAME = "$(TARGET_NAME)";
				TEST_HOST = "$(BUILT_PRODUCTS_DIR)/Brandiki.app/Brandiki";
			};
			name = Debug;
		};
		535B32181A62FB0200179B5B /* Release */ = {
			isa = XCBuildConfiguration;
			buildSettings = {
				BUNDLE_LOADER = "$(TEST_HOST)";
				FRAMEWORK_SEARCH_PATHS = (
					"$(SDKROOT)/Developer/Library/Frameworks",
					"$(inherited)",
				);
				INFOPLIST_FILE = BrandikiTests/Info.plist;
				LD_RUNPATH_SEARCH_PATHS = "$(inherited) @executable_path/Frameworks @loader_path/Frameworks";
				PRODUCT_NAME = "$(TARGET_NAME)";
				TEST_HOST = "$(BUILT_PRODUCTS_DIR)/Brandiki.app/Brandiki";
			};
			name = Release;
		};
/* End XCBuildConfiguration section */

/* Begin XCConfigurationList section */
		535B31EB1A62FB0200179B5B /* Build configuration list for PBXProject "Brandiki" */ = {
			isa = XCConfigurationList;
			buildConfigurations = (
				535B32111A62FB0200179B5B /* Debug */,
				535B32121A62FB0200179B5B /* Release */,
			);
			defaultConfigurationIsVisible = 0;
			defaultConfigurationName = Release;
		};
		535B32131A62FB0200179B5B /* Build configuration list for PBXNativeTarget "Brandiki" */ = {
			isa = XCConfigurationList;
			buildConfigurations = (
				535B32141A62FB0200179B5B /* Debug */,
				535B32151A62FB0200179B5B /* Release */,
			);
			defaultConfigurationIsVisible = 0;
		};
		535B32161A62FB0200179B5B /* Build configuration list for PBXNativeTarget "BrandikiTests" */ = {
			isa = XCConfigurationList;
			buildConfigurations = (
				535B32171A62FB0200179B5B /* Debug */,
				535B32181A62FB0200179B5B /* Release */,
			);
			defaultConfigurationIsVisible = 0;
		};
/* End XCConfigurationList section */
	};
	rootObject = 535B31E81A62FB0200179B5B /* Project object */;
}
